
Microsoft Visual Studio Solution File, Format Version 12.00
# Visual Studio Version 16
VisualStudioVersion = 16.0.31410.357
MinimumVisualStudioVersion = 10.0.40219.1
Project("{FAE04EC0-301F-11D3-BF4B-00C04F79EFBC}") = "QuanLyBanHang", "QuanLyBanHang\QuanLyBanHang.csproj", "{97952A76-10BA-4DD9-94D8-A17B4347A963}"
EndProject
Global
	GlobalSection(SolutionConfigurationPlatforms) = preSolution
		Debug|Any CPU = Debug|Any CPU
		Release|Any CPU = Release|Any CPU
	EndGlobalSection
	GlobalSection(ProjectConfigurationPlatforms) = postSolution
		{97952A76-10BA-4DD9-94D8-A17B4347A963}.Debug|Any CPU.ActiveCfg = Debug|Any CPU
		{97952A76-10BA-4DD9-94D8-A17B4347A963}.Debug|Any CPU.Build.0 = Debug|Any CPU
		{97952A76-10BA-4DD9-94D8-A17B4347A963}.Release|Any CPU.ActiveCfg = Release|Any CPU
		{97952A76-10BA-4DD9-94D8-A17B4347A963}.Release|Any CPU.Build.0 = Release|Any CPU
	EndGlobalSection
	GlobalSection(SolutionProperties) = preSolution
		HideSolutionNode = FALSE
	EndGlobalSection
	GlobalSection(ExtensibilityGlobals) = postSolution
		SolutionGuid = {C2D6A8F7-9A98-416C-B7F7-3A86144E65D0}
	EndGlobalSection
EndGlobal
